PODS:
  - AVOSCloud (2.5.1)
  - GoogleAnalytics-iOS-SDK (3.0.6)
  - UMengAnalytics (2.2.1)

DEPENDENCIES:
  - AVOSCloud
  - GoogleAnalytics-iOS-SDK (~> 3.0.2)
  - UMengAnalytics (~> 2.2.1)

SPEC CHECKSUMS:
  AVOSCloud: 25f3df50a13b7354c051e7ae4498043a53b7ed70
  GoogleAnalytics-iOS-SDK: 4577fb25381a71c5beac455b18ebb288fc4f44e9
  UMengAnalytics: d4154135487c209b23698841e55f0fbd536d383b

COCOAPODS: 0.33.1
